
Microsoft Visual Studio Solution File, Format Version 12.00
# Visual Studio Version 16
VisualStudioVersion = 16.0.30611.23
MinimumVisualStudioVersion = 10.0.40219.1
Project("{FAE04EC0-301F-11D3-BF4B-00C04F79EFBC}") = "FormMDI", "FormMDI\FormMDI.csproj", "{933F85E5-19A2-45F1-930E-017F560B4B4C}"
EndProject
Global
	GlobalSection(SolutionConfigurationPlatforms) = preSolution
		Debug|Any CPU = Debug|Any CPU
		Release|Any CPU = Release|Any CPU
	EndGlobalSection
	GlobalSection(ProjectConfigurationPlatforms) = postSolution
		{933F85E5-19A2-45F1-930E-017F560B4B4C}.Debug|Any CPU.ActiveCfg = Debug|Any CPU
		{933F85E5-19A2-45F1-930E-017F560B4B4C}.Debug|Any CPU.Build.0 = Debug|Any CPU
		{933F85E5-19A2-45F1-930E-017F560B4B4C}.Release|Any CPU.ActiveCfg = Release|Any CPU
		{933F85E5-19A2-45F1-930E-017F560B4B4C}.Release|Any CPU.Build.0 = Release|Any CPU
	EndGlobalSection
	GlobalSection(SolutionProperties) = preSolution
		HideSolutionNode = FALSE
	EndGlobalSection
	GlobalSection(ExtensibilityGlobals) = postSolution
		SolutionGuid = {53E37BF1-A182-4819-BEB3-847A6E8FD8EC}
	EndGlobalSection
EndGlobal
